
Microsoft Visual Studio Solution File, Format Version 12.00
# Visual Studio Version 17
VisualStudioVersion = 17.2.32602.215
MinimumVisualStudioVersion = 10.0.40219.1
Project("{FAE04EC0-301F-11D3-BF4B-00C04F79EFBC}") = "TestProject", "TestProject\TestProject.csproj", "{027E3FA0-E96A-4649-A818-2E2691599C40}"
EndProject
Global
	GlobalSection(SolutionConfigurationPlatforms) = preSolution
		Debug|Any CPU = Debug|Any CPU
		Release|Any CPU = Release|Any CPU
	EndGlobalSection
	GlobalSection(ProjectConfigurationPlatforms) = postSolution
		{027E3FA0-E96A-4649-A818-2E2691599C40}.Debug|Any CPU.ActiveCfg = Debug|Any CPU
		{027E3FA0-E96A-4649-A818-2E2691599C40}.Debug|Any CPU.Build.0 = Debug|Any CPU
		{027E3FA0-E96A-4649-A818-2E2691599C40}.Release|Any CPU.ActiveCfg = Release|Any CPU
		{027E3FA0-E96A-4649-A818-2E2691599C40}.Release|Any CPU.Build.0 = Release|Any CPU
	EndGlobalSection
	GlobalSection(SolutionProperties) = preSolution
		HideSolutionNode = FALSE
	EndGlobalSection
	GlobalSection(ExtensibilityGlobals) = postSolution
		SolutionGuid = {E9DAB554-AB1C-4F88-B02D-555CEE0593D8}
	EndGlobalSection
EndGlobal
